
Microsoft Visual Studio Solution File, Format Version 12.00
# Visual Studio Version 16
VisualStudioVersion = 16.0.30907.101
MinimumVisualStudioVersion = 10.0.40219.1
Project("{FAE04EC0-301F-11D3-BF4B-00C04F79EFBC}") = "Bipit_11_12", "Bipit_11_12\Bipit_11_12.csproj", "{C0599080-9C3C-446E-87FD-747C21326A4B}"
EndProject
Global
	GlobalSection(SolutionConfigurationPlatforms) = preSolution
		Debug|Any CPU = Debug|Any CPU
		Release|Any CPU = Release|Any CPU
	EndGlobalSection
	GlobalSection(ProjectConfigurationPlatforms) = postSolution
		{C0599080-9C3C-446E-87FD-747C21326A4B}.Debug|Any CPU.ActiveCfg = Debug|Any CPU
		{C0599080-9C3C-446E-87FD-747C21326A4B}.Debug|Any CPU.Build.0 = Debug|Any CPU
		{C0599080-9C3C-446E-87FD-747C21326A4B}.Release|Any CPU.ActiveCfg = Release|Any CPU
		{C0599080-9C3C-446E-87FD-747C21326A4B}.Release|Any CPU.Build.0 = Release|Any CPU
	EndGlobalSection
	GlobalSection(SolutionProperties) = preSolution
		HideSolutionNode = FALSE
	EndGlobalSection
	GlobalSection(ExtensibilityGlobals) = postSolution
		SolutionGuid = {AFE5D3DE-E5EF-43EB-8C06-C39680049866}
	EndGlobalSection
EndGlobal
